# This file is autogenerated, do not edit; changes may be undone by the next 'dep ensure'.


[[projects]]
  digest = "1:a2c1d0e43bd3baaa071d1b9ed72c27d78169b2b269f71c105ac4ba34b1be4a39"
  name = "github.com/davecgh/go-spew"
  packages = ["spew"]
  pruneopts = "NUT"
  revision = "346938d642f2ec3594ed81d874461961cd0faa76"
  version = "v1.1.0"

[[projects]]
  digest = "1:5cf3f025cbee5951a4ee961de067c8a89fc95a5adabead774f82822efabab121"
  name = "github.com/pkg/errors"
  packages = ["."]
  pruneopts = "NUT"
  revision = "645ef00459ed84a119197bfb8d8205042c6df63d"
  version = "v0.8.0"

[[projects]]
  digest = "1:0028cb19b2e4c3112225cd871870f2d9cf49b9b4276531f03438a88e94be86fe"
  name = "github.com/pmezard/go-difflib"
  packages = ["difflib"]
  pruneopts = "NUT"
  revision = "792786c7400a136282c1664665ae0a8db921c6c2"
  version = "v1.0.0"

[[projects]]
  digest = "1:be7d615463b5c9c5fd732a3cc028038e8643543def6e55344b52a3a4dbb667a3"
  name = "github.com/stretchr/testify"
  packages = [
    "assert",
    "require",
  ]
  pruneopts = "NUT"
  revision = "b91bfb9ebec76498946beb6af7c0230c7cc7ba6c"
  version = "v1.2.0"

[[projects]]
  digest = "1:a4ec7f4f82fe7a0cb94640d091fb67852ee56e0a46e418901184424361efa5a2"
  name = "google.golang.org/protobuf"
  packages = [
    "encoding/protojson",
    "encoding/prototext",
    "encoding/protowire",
    "internal/descfmt",
    "internal/descopts",
    "internal/detrand",
    "internal/editiondefaults",
    "internal/encoding/defval",
    "internal/encoding/json",
    "internal/encoding/messageset",
    "internal/encoding/tag",
    "internal/encoding/text",
    "internal/errors",
    "internal/filedesc",
    "internal/filetype",
    "internal/flags",
    "internal/genid",
    "internal/impl",
    "internal/order",
    "internal/pragma",
    "internal/protolazy",
    "internal/set",
    "internal/strs",
    "internal/version",
    "proto",
    "reflect/protoreflect",
    "reflect/protoregistry",
    "runtime/protoiface",
    "runtime/protoimpl",
    "types/descriptorpb",
    "types/known/emptypb",
    "types/known/wrapperspb",
    "types/pluginpb",
  ]
  pruneopts = "UT"
  revision = "7fc5ff4e14aedbbbaab88f3a282551071c10e856"
  version = "v1.36.1"

[solve-meta]
  analyzer-name = "dep"
  analyzer-version = 1
  input-imports = [
    "github.com/pkg/errors",
    "github.com/stretchr/testify/assert",
    "github.com/stretchr/testify/require",
    "google.golang.org/protobuf/encoding/protojson",
    "google.golang.org/protobuf/proto",
    "google.golang.org/protobuf/reflect/protoreflect",
    "google.golang.org/protobuf/runtime/protoimpl",
    "google.golang.org/protobuf/types/descriptorpb",
    "google.golang.org/protobuf/types/known/emptypb",
    "google.golang.org/protobuf/types/known/wrapperspb",
    "google.golang.org/protobuf/types/pluginpb",
  ]
  solver-name = "gps-cdcl"
  solver-version = 1
